// !$*UTF8*$!
{
	archiveVersion = 1;
	classes = {
	};
	objectVersion = 46;
	objects = {

/* Begin PBXBuildFile section */
		BDDD5B7F1F00901200D98471 /* AppDelegate.swift in Sources */ = {isa = PBXBuildFile; fileRef = BDDD5B7E1F00901200D98471 /* AppDelegate.swift */; };
		BDDD5B811F00901200D98471 /* ViewController.swift in Sources */ = {isa = PBXBuildFile; fileRef = BDDD5B801F00901200D98471 /* ViewController.swift */; };
		BDDD5B841F00901200D98471 /* Main.storyboard in Resources */ = {isa = PBXBuildFile; fileRef = BDDD5B821F00901200D98471 /* Main.storyboard */; };
		BDDD5B861F00901200D98471 /* Assets.xcassets in Resources */ = {isa = PBXBuildFile; fileRef = BDDD5B851F00901200D98471 /* Assets.xcassets */; };
		BDDD5B891F00901200D98471 /* LaunchScreen.storyboard in Resources */ = {isa = PBXBuildFile; fileRef = BDDD5B871F00901200D98471 /* LaunchScreen.storyboard */; };
/* End PBXBuildFile section */

/* Begin PBXFileReference section */
		BDDD5B7B1F00901200D98471 /* TipEasy.app */ = {isa = PBXFileReference; explicitFileType = wrapper.application; includeInIndex = 0; path = TipEasy.app; sourceTree = BUILT_PRODUCTS_DIR; };
		BDDD5B7E1F00901200D98471 /* AppDelegate.swift */ = {isa = PBXFileReference; lastKnownFileType = sourcecode.swift; path = AppDelegate.swift; sourceTree = "<group>"; };
		BDDD5B801F00901200D98471 /* ViewController.swift */ = {isa = PBXFileReference; lastKnownFileType = sourcecode.swift; path = ViewController.swift; sourceTree = "<group>"; };
		BDDD5B831F00901200D98471 /* Base */ = {isa = PBXFileReference; lastKnownFileType = file.storyboard; name = Base; path = Base.lproj/Main.storyboard; sourceTree = "<group>"; };
		BDDD5B851F00901200D98471 /* Assets.xcassets */ = {isa = PBXFileReference; lastKnownFileType = folder.assetcatalog; path = Assets.xcassets; sourceTree = "<group>"; };
		BDDD5B881F00901200D98471 /* Base */ = {isa = PBXFileReference; lastKnownFileType = file.storyboard; name = Base; path = Base.lproj/LaunchScreen.storyboard; sourceTree = "<group>"; };
		BDDD5B8A1F00901200D98471 /* Info.plist */ = {isa = PBXFileReference; lastKnownFileType = text.plist.xml; path = Info.plist; sourceTree = "<group>"; };
/* End PBXFileReference section */

/* Begin PBXFrameworksBuildPhase section */
		BDDD5B781F00901200D98471 /* Frameworks */ = {
			isa = PBXFrameworksBuildPhase;
			buildActionMask = 2147483647;
			files = (
			);
			runOnlyForDeploymentPostprocessing = 0;
		};
/* End PBXFrameworksBuildPhase section */

/* Begin PBXGroup section */
		BDDD5B721F00901200D98471 = {
			isa = PBXGroup;
			children = (
				BDDD5B7D1F00901200D98471 /* TipEasy */,
				BDDD5B7C1F00901200D98471 /* Products */,
			);
			sourceTree = "<group>";
		};
		BDDD5B7C1F00901200D98471 /* Products */ = {
			isa = PBXGroup;
			children = (
				BDDD5B7B1F00901200D98471 /* TipEasy.app */,
			);
			name = Products;
			sourceTree = "<group>";
		};
		BDDD5B7D1F00901200D98471 /* TipEasy */ = {
			isa = PBXGroup;
			children = (
				BDDD5B7E1F00901200D98471 /* AppDelegate.swift */,
				BDDD5B801F00901200D98471 /* ViewController.swift */,
				BDDD5B821F00901200D98471 /* Main.storyboard */,
				BDDD5B851F00901200D98471 /* Assets.xcassets */,
				BDDD5B871F00901200D98471 /* LaunchScreen.storyboard */,
				BDDD5B8A1F00901200D98471 /* Info.plist */,
			);
			path = TipEasy;
			sourceTree = "<group>";
		};
/* End PBXGroup section */

/* Begin PBXNativeTarget section */
		BDDD5B7A1F00901200D98471 /* TipEasy */ = {
			isa = PBXNativeTarget;
			buildConfigurationList = BDDD5B8D1F00901200D98471 /* Build configuration list for PBXNativeTarget "TipEasy" */;
			buildPhases = (
				BDDD5B771F00901200D98471 /* Sources */,
				BDDD5B781F00901200D98471 /* Frameworks */,
				BDDD5B791F00901200D98471 /* Resources */,
			);
			buildRules = (
			);
			dependencies = (
			);
			name = TipEasy;
			productName = TipEasy;
			productReference = BDDD5B7B1F00901200D98471 /* TipEasy.app */;
			productType = "com.apple.product-type.application";
		};
/* End PBXNativeTarget section */

/* Begin PBXProject section */
		BDDD5B731F00901200D98471 /* Project object */ = {
			isa = PBXProject;
			attributes = {
				LastSwiftUpdateCheck = 0820;
				LastUpgradeCheck = 0820;
				ORGANIZATIONNAME = "Wei Xia";
				TargetAttributes = {
					BDDD5B7A1F00901200D98471 = {
						CreatedOnToolsVersion = 8.2.1;
						DevelopmentTeam = JKVUBMY3K2;
						ProvisioningStyle = Automatic;
					};
				};
			};
			buildConfigurationList = BDDD5B761F00901200D98471 /* Build configuration list for PBXProject "TipEasy" */;
			compatibilityVersion = "Xcode 3.2";
			developmentRegion = English;
			hasScannedForEncodings = 0;
			knownRegions = (
				en,
				Base,
			);
			mainGroup = BDDD5B721F00901200D98471;
			productRefGroup = BDDD5B7C1F00901200D98471 /* Products */;
			projectDirPath = "";
			projectRoot = "";
			targets = (
				BDDD5B7A1F00901200D98471 /* TipEasy */,
			);
		};
/* End PBXProject section */

/* Begin PBXResourcesBuildPhase section */
		BDDD5B791F00901200D98471 /* Resources */ = {
			isa = PBXResourcesBuildPhase;
			buildActionMask = 2147483647;
			files = (
				BDDD5B891F00901200D98471 /* LaunchScreen.storyboard in Resources */,
				BDDD5B861F00901200D98471 /* Assets.xcassets in Resources */,
				BDDD5B841F00901200D98471 /* Main.storyboard in Resources */,
			);
			runOnlyForDeploymentPostprocessing = 0;
		};
/* End PBXResourcesBuildPhase section */

/* Begin PBXSourcesBuildPhase section */
		BDDD5B771F00901200D98471 /* Sources */ = {
			isa = PBXSourcesBuildPhase;
			buildActionMask = 2147483647;
			files = (
				BDDD5B811F00901200D98471 /* ViewController.swift in Sources */,
				BDDD5B7F1F00901200D98471 /* AppDelegate.swift in Sources */,
			);
			runOnlyForDeploymentPostprocessing = 0;
		};
/* End PBXSourcesBuildPhase section */

/* Begin PBXVariantGroup section */
		BDDD5B821F00901200D98471 /* Main.storyboard */ = {
			isa = PBXVariantGroup;
			children = (
				BDDD5B831F00901200D98471 /* Base */,
			);
			name = Main.storyboard;
			sourceTree = "<group>";
		};
		BDDD5B871F00901200D98471 /* LaunchScreen.storyboard */ = {
			isa = PBXVariantGroup;
			children = (
				BDDD5B881F00901200D98471 /* Base */,
			);
			name = LaunchScreen.storyboard;
			sourceTree = "<group>";
		};
/* End PBXVariantGroup section */

/* Begin XCBuildConfiguration section */
		BDDD5B8B1F00901200D98471 /* Debug */ = {
			isa = XCBuildConfiguration;
			buildSettings = {
				ALWAYS_SEARCH_USER_PATHS = NO;
				CLANG_ANALYZER_NONNULL = YES;
				CLANG_CXX_LANGUAGE_STANDARD = "gnu++0x";
				CLANG_CXX_LIBRARY = "libc++";
				CLANG_ENABLE_MODULES = YES;
				CLANG_ENABLE_OBJC_ARC = YES;
				CLANG_WARN_BOOL_CONVERSION = YES;
				CLANG_WARN_CONSTANT_CONVERSION = YES;
				CLANG_WARN_DIRECT_OBJC_ISA_USAGE = YES_ERROR;
				CLANG_WARN_DOCUMENTATION_COMMENTS = YES;
				CLANG_WARN_EMPTY_BODY = YES;
				CLANG_WARN_ENUM_CONVERSION = YES;
				CLANG_WARN_INFINITE_RECURSION = YES;
				CLANG_WARN_INT_CONVERSION = YES;
				CLANG_WARN_OBJC_ROOT_CLASS = YES_ERROR;
				CLANG_WARN_SUSPICIOUS_MOVE = YES;
				CLANG_WARN_UNREACHABLE_CODE = YES;
				CLANG_WARN__DUPLICATE_METHOD_MATCH = YES;
				"CODE_SIGN_IDENTITY[sdk=iphoneos*]" = "iPhone Developer";
				COPY_PHASE_STRIP = NO;
				DEBUG_INFORMATION_FORMAT = dwarf;
				ENABLE_STRICT_OBJC_MSGSEND = YES;
				ENABLE_TESTABILITY = YES;
				GCC_C_LANGUAGE_STANDARD = gnu99;
				GCC_DYNAMIC_NO_PIC = NO;
				GCC_NO_COMMON_BLOCKS = YES;
				GCC_OPTIMIZATION_LEVEL = 0;
				GCC_PREPROCESSOR_DEFINITIONS = (
					"DEBUG=1",
					"$(inherited)",
				);
				GCC_WARN_64_TO_32_BIT_CONVERSION = YES;
				GCC_WARN_ABOUT_RETURN_TYPE = YES_ERROR;
				GCC_WARN_UNDECLARED_SELECTOR = YES;
				GCC_WARN_UNINITIALIZED_AUTOS = YES_AGGRESSIVE;
				GCC_WARN_UNUSED_FUNCTION = YES;
				GCC_WARN_UNUSED_VARIABLE = YES;
				IPHONEOS_DEPLOYMENT_TARGET = 10.2;
				MTL_ENABLE_DEBUG_INFO = YES;
				ONLY_ACTIVE_ARCH = YES;
				SDKROOT = iphoneos;
				SWIFT_ACTIVE_COMPILATION_CONDITIONS = DEBUG;
				SWIFT_OPTIMIZATION_LEVEL = "-Onone";
				TARGETED_DEVICE_FAMILY = "1,2";
			};
			name = Debug;
		};
		BDDD5B8C1F00901200D98471 /* Release */ = {
			isa = XCBuildConfiguration;
			buildSettings = {
				ALWAYS_SEARCH_USER_PATHS = NO;
				CLANG_ANALYZER_NONNULL = YES;
				CLANG_CXX_LANGUAGE_STANDARD = "gnu++0x";
				CLANG_CXX_LIBRARY = "libc++";
				CLANG_ENABLE_MODULES = YES;
				CLANG_ENABLE_OBJC_ARC = YES;
				CLANG_WARN_BOOL_CONVERSION = YES;
				CLANG_WARN_CONSTANT_CONVERSION = YES;
				CLANG_WARN_DIRECT_OBJC_ISA_USAGE = YES_ERROR;
				CLANG_WARN_DOCUMENTATION_COMMENTS = YES;
				CLANG_WARN_EMPTY_BODY = YES;
				CLANG_WARN_ENUM_CONVERSION = YES;
				CLANG_WARN_INFINITE_RECURSION = YES;
				CLANG_WARN_INT_CONVERSION = YES;
				CLANG_WARN_OBJC_ROOT_CLASS = YES_ERROR;
				CLANG_WARN_SUSPICIOUS_MOVE = YES;
				CLANG_WARN_UNREACHABLE_CODE = YES;
				CLANG_WARN__DUPLICATE_METHOD_MATCH = YES;
				"CODE_SIGN_IDENTITY[sdk=iphoneos*]" = "iPhone Developer";
				COPY_PHASE_STRIP = NO;
				DEBUG_INFORMATION_FORMAT = "dwarf-with-dsym";
				ENABLE_NS_ASSERTIONS = NO;
				ENABLE_STRICT_OBJC_MSGSEND = YES;
				GCC_C_LANGUAGE_STANDARD = gnu99;
				GCC_NO_COMMON_BLOCKS = YES;
				GCC_WARN_64_TO_32_BIT_CONVERSION = YES;
				GCC_WARN_ABOUT_RETURN_TYPE = YES_ERROR;
				GCC_WARN_UNDECLARED_SELECTOR = YES;
				GCC_WARN_UNINITIALIZED_AUTOS = YES_AGGRESSIVE;
				GCC_WARN_UNUSED_FUNCTION = YES;
				GCC_WARN_UNUSED_VARIABLE = YES;
				IPHONEOS_DEPLOYMENT_TARGET = 10.2;
				MTL_ENABLE_DEBUG_INFO = NO;
				SDKROOT = iphoneos;
				SWIFT_OPTIMIZATION_LEVEL = "-Owholemodule";
				TARGETED_DEVICE_FAMILY = "1,2";
				VALIDATE_PRODUCT = YES;
			};
			name = Release;
		};
		BDDD5B8E1F00901200D98471 /* Debug */ = {
			isa = XCBuildConfiguration;
			buildSettings = {
				ASSETCATALOG_COMPILER_APPICON_NAME = AppIcon;
				DEVELOPMENT_TEAM = JKVUBMY3K2;
				INFOPLIST_FILE = TipEasy/Info.plist;
				LD_RUNPATH_SEARCH_PATHS = "$(inherited) @executable_path/Frameworks";
				PRODUCT_BUNDLE_IDENTIFIER = info.weixia.com.TipEasy;
				PRODUCT_NAME = "$(TARGET_NAME)";
				SWIFT_VERSION = 3.0;
			};
			name = Debug;
		};
		BDDD5B8F1F00901200D98471 /* Release */ = {
			isa = XCBuildConfiguration;
			buildSettings = {
				ASSETCATALOG_COMPILER_APPICON_NAME = AppIcon;
				DEVELOPMENT_TEAM = JKVUBMY3K2;
				INFOPLIST_FILE = TipEasy/Info.plist;
				LD_RUNPATH_SEARCH_PATHS = "$(inherited) @executable_path/Frameworks";
				PRODUCT_BUNDLE_IDENTIFIER = info.weixia.com.TipEasy;
				PRODUCT_NAME = "$(TARGET_NAME)";
				SWIFT_VERSION = 3.0;
			};
			name = Release;
		};
/* End XCBuildConfiguration section */

/* Begin XCConfigurationList section */
		BDDD5B761F00901200D98471 /* Build configuration list for PBXProject "TipEasy" */ = {
			isa = XCConfigurationList;
			buildConfigurations = (
				BDDD5B8B1F00901200D98471 /* Debug */,
				BDDD5B8C1F00901200D98471 /* Release */,
			);
			defaultConfigurationIsVisible = 0;
			defaultConfigurationName = Release;
		};
		BDDD5B8D1F00901200D98471 /* Build configuration list for PBXNativeTarget "TipEasy" */ = {
			isa = XCConfigurationList;
			buildConfigurations = (
				BDDD5B8E1F00901200D98471 /* Debug */,
				BDDD5B8F1F00901200D98471 /* Release */,
			);
			defaultConfigurationIsVisible = 0;
		};
/* End XCConfigurationList section */
	};
	rootObject = BDDD5B731F00901200D98471 /* Project object */;
}
